// !$*UTF8*$!
{
	archiveVersion = 1;
	classes = {
	};
	objectVersion = 46;
	objects = {

		E2F0CBF73955D3142DB0D234 = {isa = PBXBuildFile; fileRef = 29D281DB58AB693DE5728D3E; };
		305497716B350DF53A605960 = {isa = PBXBuildFile; fileRef = 7930C5CBB7CC5D459F014611; };
		C05AE88FB143478BC33EE14B = {isa = PBXBuildFile; fileRef = 039E1703505A263F492FC87E; };
		72ED7A60F051EE27538421E8 = {isa = PBXBuildFile; fileRef = 6042BE474F4C81C1EE41C25E; };
		3540A71903A5A87BCD6E899D = {isa = PBXBuildFile; fileRef = 56DCF499D4471C1BEA57FE83; };
		5A67E2F8A78778F1846330E4 = {isa = PBXBuildFile; fileRef = 2D98AE75DCAE513FA7F1577C; };
		1A7C601899DA30DE4751E238 = {isa = PBXBuildFile; fileRef = 18D4FB7F86BAD488C75EBB1C; };
		A15A6470B173C505C773CB0F = {isa = PBXBuildFile; fileRef = 4003C1B7576F51A73B5C41F5; };
		A5EE255C60D5BC7427E1B347 = {isa = PBXBuildFile; fileRef = 99D363F253FC16377E771E8E; };
		F6D774E6B36BF7F02DFC1387 = {isa = PBXBuildFile; fileRef = BB0A74CF0763434589A69E4E; };
		81A650BA693B4CD36CCDFFD1 = {isa = PBXBuildFile; fileRef = AE99DBC44FCEF9863B50F85B; };
		370195CD209F496A4561C0A5 = {isa = PBXBuildFile; fileRef = F71546E9E0DEC34B3CD125AB; };
		87B68A04E6CF418960146E53 = {isa = PBXBuildFile; fileRef = 02A5D72ED5C533324F00BEC6; };
		0E8171E949879E3C6AAB5D4B = {isa = PBXBuildFile; fileRef = 226F3D2BB67056722476BC96; };
		0B0DE925C64D0C1C2251EF87 = {isa = PBXBuildFile; fileRef = 704D033329F19BEA92734F1C; };
		D6BE7AEBD24B49347502A070 = {isa = PBXBuildFile; fileRef = EBC360F989CD3A5ACCD98B55; };
		CBF24A94A3D2C839EA66B90D = {isa = PBXBuildFile; fileRef = AB88F2F23918CAC68461783A; };
		A9AA1E4F008B15CD9E667A07 = {isa = PBXBuildFile; fileRef = 5EB3D5989AB011AC607368D1; };
		AB2982C14EF99576AAA090A7 = {isa = PBXBuildFile; fileRef = A23504ED0ECFBE7FF0A632B1; };
		33A13908B77D2A405F65C459 = {isa = PBXBuildFile; fileRef = 258144F40CE914F6CD8015E3; };
		58F98728D9FFD91E15AD2589 = {isa = PBXBuildFile; fileRef = E40E8480B9008194811BD04C; };
		B04A5382859A4295B310B554 = {isa = PBXBuildFile; fileRef = C7802BD1E66F4B47ECD5641F; };
		8E0CD43750DF9EF47C7F7ED6 = {isa = PBXBuildFile; fileRef = 35231211888A03FA7C83DE7F; };
		BBE693BB46E85ABD9ACA0347 = {isa = PBXBuildFile; fileRef = 10CF0931C23D6359F6D6CF7D; };
		0A7FF8B75639FFDC0DEF52AE = {isa = PBXBuildFile; fileRef = BD93C979A8AA049001DE4CDD; };
		0D890E8C5D124A8486C6481E = {isa = PBXBuildFile; fileRef = 871C2D6F3787365402BFC248; };
		663958E1CF44CD06FD06438F = {isa = PBXBuildFile; fileRef = F9DC24D3C042BFFC6D3C2E6D; };
		8B911E19F422D169618C8797 = {isa = PBXBuildFile; fileRef = B9639785FCA0FE4643819F81; };
		8AE6E387763675716EA4245E = {isa = PBXBuildFile; fileRef = 483D87241D7F94D36BDD5F68; };
		33865853ECE2AC0104D0A7F1 = {isa = PBXBuildFile; fileRef = B60BEEDE93BD25C1B679A03E; };
		DB714ACC2EEA7A0B97A9451B = {isa = PBXBuildFile; fileRef = 9259F4566D68C4F35B7009FF; };
		119B5A5B00A68A1178C24C01 = {isa = PBXBuildFile; fileRef = 5D17A778CB56C3AE71D5FB26; };
		FD0FC3D0CA92F2D8F1572CB1 = {isa = PBXBuildFile; fileRef = 3FCA6CC9A548505C0EEA6585; };
		DC2C2E7D9B64E5E1243F0581 = {isa = PBXBuildFile; fileRef = BA875FE337687CC7331FD09C; };
		D301FCD2BFB15021A00F3B78 = {isa = PBXBuildFile; fileRef = 17A17FE7F81A0A69B18536E4; };
		0472E06A5A5C749C5E71FD3C = {isa = PBXBuildFile; fileRef = DA00D6DEB5ACFEE186346C9C; };
		28B6904D4B047947920E1757 = {isa = PBXBuildFile; fileRef = ABE73415AF74DA8F9EF3CF7D; };
		B05F28B4BD4C6A574141F849 = {isa = PBXBuildFile; fileRef = CFBB686B9D3B7F0D5C1D5C58; };
		69E1E8F569AB9C1D478EADCD = {isa = PBXBuildFile; fileRef = A9ED9E488BA2F533FFC5690F; };
		ED289E5A7EBB83362F6E4196 = {isa = PBXBuildFile; fileRef = 3F1214C94693198DE1CE84B1; };
		63D15B50BF59220D904A7890 = {isa = PBXBuildFile; fileRef = 4FEBDB0D8482C32BBE1BC203; };
		4FCB3562DEB42D018FEA34C6 = {isa = PBXBuildFile; fileRef = C826BA14729A3D495B41659A; };
		7ACD17BBF9D4D3FE2F651CE8 = {isa = PBXBuildFile; fileRef = 9C6716CB7D9E6C9AD8D9125F; };
		5175D6D5F3B86A0E61F08B8E = {isa = PBXBuildFile; fileRef = D647AF8BCCFBCE562C6A92FF; };
		50CB27D0E747FADE2D8AFB82 = {isa = PBXBuildFile; fileRef = DC5622A9A782F19FB2CF383B; };
		090B7D9A35BF5747D296559E = {isa = PBXBuildFile; fileRef = BBD1F288B85B6BA2D5273C3A; };
		02A5D72ED5C533324F00BEC6 = {isa = PBXFileReference; lastKnownFileType = wrapper.framework; name = CoreAudio.framework; path = System/Library/Frameworks/CoreAudio.framework; sourceTree = SDKROOT; };
		0321E32D1083064F5804FF1C = {isa = PBXFileReference; lastKnownFileType = file; name = "juce_audio_devices"; path = "../../../modules/juce_audio_devices"; sourceTree = "SOURCE_ROOT"; };
		0A56064D22CE5E2645BFB8DE = {isa = PBXFileReference; lastKnownFileType = file; name = "juce_audio_basics"; path = "../../../modules/juce_audio_basics"; sourceTree = "SOURCE_ROOT"; };
		0BF315CC7BDC401C7167A03D = {isa = PBXFileReference; lastKnownFileType = file; name = "juce_graphics"; path = "../../../modules/juce_graphics"; sourceTree = "SOURCE_ROOT"; };
		10CF0931C23D6359F6D6CF7D = {isa = PBXFileReference; lastKnownFileType = sourcecode.cpp.cpp; name = PluginEditor.cpp; path = ../../Source/PluginEditor.cpp; sourceTree = "SOURCE_ROOT"; };
		154A1C7C20EAF48708843524 = {isa = PBXFileReference; lastKnownFileType = file; name = "juce_audio_processors"; path = "../../../modules/juce_audio_processors"; sourceTree = "SOURCE_ROOT"; };
		17A17FE7F81A0A69B18536E4 = {isa = PBXFileReference; lastKnownFileType = sourcecode.cpp.cpp; name = "include_juce_audio_plugin_client_VST2.cpp"; path = "../../JuceLibraryCode/include_juce_audio_plugin_client_VST2.cpp"; sourceTree = "SOURCE_ROOT"; };
		18D4FB7F86BAD488C75EBB1C = {isa = PBXFileReference; lastKnownFileType = wrapper.framework; name = AudioToolbox.framework; path = System/Library/Frameworks/AudioToolbox.framework; sourceTree = SDKROOT; };
		1D726D84494A7C8AB77883F0 = {isa = PBXFileReference; lastKnownFileType = file; name = "juce_audio_plugin_client"; path = "../../../modules/juce_audio_plugin_client"; sourceTree = "SOURCE_ROOT"; };
		1DE2EF16F4B5696E69731CCF = {isa = PBXFileReference; lastKnownFileType = text.plist.xml; name = "Info-AU.plist"; path = "Info-AU.plist"; sourceTree = "SOURCE_ROOT"; };
		1E4088CFBEF8038474C104B3 = {isa = PBXFileReference; lastKnownFileType = text.plist.xml; name = "Info-Standalone_Plugin.plist"; path = "Info-Standalone_Plugin.plist"; sourceTree = "SOURCE_ROOT"; };
		1F999F72D3441FD2B72475E8 = {isa = PBXFileReference; lastKnownFileType = text.plist.xml; name = MoogVCFTrap.entitlements; path = MoogVCFTrap.entitlements; sourceTree = "SOURCE_ROOT"; };
		226F3D2BB67056722476BC96 = {isa = PBXFileReference; lastKnownFileType = wrapper.framework; name = CoreAudioKit.framework; path = System/Library/Frameworks/CoreAudioKit.framework; sourceTree = SDKROOT; };
		258144F40CE914F6CD8015E3 = {isa = PBXFileReference; lastKnownFileType = wrapper.framework; name = QuartzCore.framework; path = System/Library/Frameworks/QuartzCore.framework; sourceTree = SDKROOT; };
		29D281DB58AB693DE5728D3E = {isa = PBXFileReference; explicitFileType = wrapper.cfbundle; includeInIndex = 0; path = MoogVCFTrap.vst; sourceTree = "BUILT_PRODUCTS_DIR"; };
		35231211888A03FA7C83DE7F = {isa = PBXFileReference; lastKnownFileType = sourcecode.cpp.cpp; name = PluginProcessor.cpp; path = ../../Source/PluginProcessor.cpp; sourceTree = "SOURCE_ROOT"; };
		38F54347A06096A8273F0220 = {isa = PBXFileReference; lastKnownFileType = file; name = "juce_audio_formats"; path = "../../../modules/juce_audio_formats"; sourceTree = "SOURCE_ROOT"; };
		3F1214C94693198DE1CE84B1 = {isa = PBXFileReference; lastKnownFileType = sourcecode.cpp.objcpp; name = "include_juce_data_structures.mm"; path = "../../JuceLibraryCode/include_juce_data_structures.mm"; sourceTree = "SOURCE_ROOT"; };
		3FCA6CC9A548505C0EEA6585 = {isa = PBXFileReference; lastKnownFileType = sourcecode.cpp.cpp; name = "include_juce_audio_plugin_client_utils.cpp"; path = "../../JuceLibraryCode/include_juce_audio_plugin_client_utils.cpp"; sourceTree = "SOURCE_ROOT"; };
		5EB3D5989AB011AC607368D1 = {isa = PBXFileReference; lastKnownFileType = wrapper.framework; name = IOKit.framework; path = System/Library/Frameworks/IOKit.framework; sourceTree = SDKROOT; };
		7930C5CBB7CC5D459F014611 = {isa = PBXFileReference; explicitFileType = wrapper.cfbundle; includeInIndex = 0; path = MoogVCFTrap.component; sourceTree = "BUILT_PRODUCTS_DIR"; };
		039E1703505A263F492FC87E = {isa = PBXFileReference; explicitFileType = "wrapper.app-extension"; includeInIndex = 0; path = MoogVCFTrap.appex; sourceTree = "BUILT_PRODUCTS_DIR"; };
		2D98AE75DCAE513FA7F1577C = {isa = PBXFileReference; lastKnownFileType = wrapper.framework; name = Accelerate.framework; path = System/Library/Frameworks/Accelerate.framework; sourceTree = SDKROOT; };
		4003C1B7576F51A73B5C41F5 = {isa = PBXFileReference; lastKnownFileType = wrapper.framework; name = AudioUnit.framework; path = System/Library/Frameworks/AudioUnit.framework; sourceTree = SDKROOT; };
		41B56E41B10548DF47ADA6ED = {isa = PBXFileReference; lastKnownFileType = text.plist.xml; name = "Info-AUv3_AppExtension.plist"; path = "Info-AUv3_AppExtension.plist"; sourceTree = "SOURCE_ROOT"; };
		483D87241D7F94D36BDD5F68 = {isa = PBXFileReference; lastKnownFileType = sourcecode.cpp.objcpp; name = "include_juce_audio_plugin_client_AU_1.mm"; path = "../../JuceLibraryCode/include_juce_audio_plugin_client_AU_1.mm"; sourceTree = "SOURCE_ROOT"; };
		4FEBDB0D8482C32BBE1BC203 = {isa = PBXFileReference; lastKnownFileType = sourcecode.cpp.objcpp; name = "include_juce_events.mm"; path = "../../JuceLibraryCode/include_juce_events.mm"; sourceTree = "SOURCE_ROOT"; };
		552A086918868A336FC03FE6 = {isa = PBXFileReference; lastKnownFileType = file; name = "juce_data_structures"; path = "../../../modules/juce_data_structures"; sourceTree = "SOURCE_ROOT"; };
		6042BE474F4C81C1EE41C25E = {isa = PBXFileReference; explicitFileType = wrapper.application; includeInIndex = 0; path = MoogVCFTrap.app; sourceTree = "BUILT_PRODUCTS_DIR"; };
		56DCF499D4471C1BEA57FE83 = {isa = PBXFileReference; explicitFileType = archive.ar; includeInIndex = 0; path = libMoogVCFTrap.a; sourceTree = "BUILT_PRODUCTS_DIR"; };
		5D17A778CB56C3AE71D5FB26 = {isa = PBXFileReference; lastKnownFileType = sourcecode.cpp.cpp; name = "include_juce_audio_plugin_client_Standalone.cpp"; path = "../../JuceLibraryCode/include_juce_audio_plugin_client_Standalone.cpp"; sourceTree = "SOURCE_ROOT"; };
		630A0C6A178E6FEC8E35B8AC = {isa = PBXFileReference; lastKnownFileType = file; name = "juce_gui_basics"; path = "../../../modules/juce_gui_basics"; sourceTree = "SOURCE_ROOT"; };
		704D033329F19BEA92734F1C = {isa = PBXFileReference; lastKnownFileType = wrapper.framework; name = CoreMedia.framework; path = System/Library/Frameworks/CoreMedia.framework; sourceTree = SDKROOT; };
		72BBE11141B2042891DF3DE8 = {isa = PBXFileReference; lastKnownFileType = file; name = "juce_gui_extra"; path = "../../../modules/juce_gui_extra"; sourceTree = "SOURCE_ROOT"; };
		8661B37752F7A9D289938E48 = {isa = PBXFileReference; lastKnownFileType = file; name = "juce_opengl"; path = "../../../modules/juce_opengl"; sourceTree = "SOURCE_ROOT"; };
		871C2D6F3787365402BFC248 = {isa = PBXFileReference; lastKnownFileType = sourcecode.cpp.objcpp; name = "include_juce_audio_devices.mm"; path = "../../JuceLibraryCode/include_juce_audio_devices.mm"; sourceTree = "SOURCE_ROOT"; };
		9259F4566D68C4F35B7009FF = {isa = PBXFileReference; lastKnownFileType = sourcecode.cpp.objcpp; name = "include_juce_audio_plugin_client_AUv3.mm"; path = "../../JuceLibraryCode/include_juce_audio_plugin_client_AUv3.mm"; sourceTree = "SOURCE_ROOT"; };
		99D363F253FC16377E771E8E = {isa = PBXFileReference; lastKnownFileType = wrapper.framework; name = AVFoundation.framework; path = System/Library/Frameworks/AVFoundation.framework; sourceTree = SDKROOT; };
		9C6716CB7D9E6C9AD8D9125F = {isa = PBXFileReference; lastKnownFileType = sourcecode.cpp.objcpp; name = "include_juce_gui_basics.mm"; path = "../../JuceLibraryCode/include_juce_gui_basics.mm"; sourceTree = "SOURCE_ROOT"; };
		A23504ED0ECFBE7FF0A632B1 = {isa = PBXFileReference; lastKnownFileType = wrapper.framework; name = OpenGL.framework; path = System/Library/Frameworks/OpenGL.framework; sourceTree = SDKROOT; };
		A4F2A4DBD347127C0EE8C1BD = {isa = PBXFileReference; lastKnownFileType = file; name = "juce_cryptography"; path = "../../../modules/juce_cryptography"; sourceTree = "SOURCE_ROOT"; };
		A93DA28784C49CDACB2C74E2 = {isa = PBXFileReference; lastKnownFileType = file; name = "juce_audio_utils"; path = "../../../modules/juce_audio_utils"; sourceTree = "SOURCE_ROOT"; };
		A9ED9E488BA2F533FFC5690F = {isa = PBXFileReference; lastKnownFileType = sourcecode.cpp.objcpp; name = "include_juce_cryptography.mm"; path = "../../JuceLibraryCode/include_juce_cryptography.mm"; sourceTree = "SOURCE_ROOT"; };
		AB88F2F23918CAC68461783A = {isa = PBXFileReference; lastKnownFileType = wrapper.framework; name = DiscRecording.framework; path = System/Library/Frameworks/DiscRecording.framework; sourceTree = SDKROOT; };
		ABE73415AF74DA8F9EF3CF7D = {isa = PBXFileReference; lastKnownFileType = sourcecode.cpp.objcpp; name = "include_juce_audio_utils.mm"; path = "../../JuceLibraryCode/include_juce_audio_utils.mm"; sourceTree = "SOURCE_ROOT"; };
		AE99DBC44FCEF9863B50F85B = {isa = PBXFileReference; lastKnownFileType = wrapper.framework; name = Carbon.framework; path = System/Library/Frameworks/Carbon.framework; sourceTree = SDKROOT; };
		AEA3EA6535EF8EE3A8000CED = {isa = PBXFileReference; lastKnownFileType = text.plist.xml; name = "Info-VST.plist"; path = "Info-VST.plist"; sourceTree = "SOURCE_ROOT"; };
		B60BEEDE93BD25C1B679A03E = {isa = PBXFileReference; lastKnownFileType = sourcecode.cpp.objcpp; name = "include_juce_audio_plugin_client_AU_2.mm"; path = "../../JuceLibraryCode/include_juce_audio_plugin_client_AU_2.mm"; sourceTree = "SOURCE_ROOT"; };
		B9639785FCA0FE4643819F81 = {isa = PBXFileReference; lastKnownFileType = file.r; name = "include_juce_audio_plugin_client_AU.r"; path = "../../JuceLibraryCode/include_juce_audio_plugin_client_AU.r"; sourceTree = "SOURCE_ROOT"; };
		BA875FE337687CC7331FD09C = {isa = PBXFileReference; lastKnownFileType = sourcecode.cpp.objcpp; name = "include_juce_audio_plugin_client_VST_utils.mm"; path = "../../JuceLibraryCode/include_juce_audio_plugin_client_VST_utils.mm"; sourceTree = "SOURCE_ROOT"; };
		BB0A74CF0763434589A69E4E = {isa = PBXFileReference; lastKnownFileType = wrapper.framework; name = AVKit.framework; path = System/Library/Frameworks/AVKit.framework; sourceTree = SDKROOT; };
		BBD1F288B85B6BA2D5273C3A = {isa = PBXFileReference; lastKnownFileType = sourcecode.cpp.objcpp; name = "include_juce_video.mm"; path = "../../JuceLibraryCode/include_juce_video.mm"; sourceTree = "SOURCE_ROOT"; };
		BD93C979A8AA049001DE4CDD = {isa = PBXFileReference; lastKnownFileType = sourcecode.cpp.objcpp; name = "include_juce_audio_basics.mm"; path = "../../JuceLibraryCode/include_juce_audio_basics.mm"; sourceTree = "SOURCE_ROOT"; };
		BEFFA94F73551182CD6A0D0B = {isa = PBXFileReference; lastKnownFileType = file; name = "juce_events"; path = "../../../modules/juce_events"; sourceTree = "SOURCE_ROOT"; };
		C364AFBAD241DEFC38D7A773 = {isa = PBXFileReference; lastKnownFileType = sourcecode.c.h; name = JuceHeader.h; path = ../../JuceLibraryCode/JuceHeader.h; sourceTree = "SOURCE_ROOT"; };
		C7802BD1E66F4B47ECD5641F = {isa = PBXFileReference; lastKnownFileType = file.nib; name = RecentFilesMenuTemplate.nib; path = RecentFilesMenuTemplate.nib; sourceTree = "SOURCE_ROOT"; };
		C826BA14729A3D495B41659A = {isa = PBXFileReference; lastKnownFileType = sourcecode.cpp.objcpp; name = "include_juce_graphics.mm"; path = "../../JuceLibraryCode/include_juce_graphics.mm"; sourceTree = "SOURCE_ROOT"; };
		CFBB686B9D3B7F0D5C1D5C58 = {isa = PBXFileReference; lastKnownFileType = sourcecode.cpp.objcpp; name = "include_juce_core.mm"; path = "../../JuceLibraryCode/include_juce_core.mm"; sourceTree = "SOURCE_ROOT"; };
		D19B444DC5E4AEC61815B740 = {isa = PBXFileReference; lastKnownFileType = sourcecode.c.h; name = PluginProcessor.h; path = ../../Source/PluginProcessor.h; sourceTree = "SOURCE_ROOT"; };
		D647AF8BCCFBCE562C6A92FF = {isa = PBXFileReference; lastKnownFileType = sourcecode.cpp.objcpp; name = "include_juce_gui_extra.mm"; path = "../../JuceLibraryCode/include_juce_gui_extra.mm"; sourceTree = "SOURCE_ROOT"; };
		DA00D6DEB5ACFEE186346C9C = {isa = PBXFileReference; lastKnownFileType = sourcecode.cpp.objcpp; name = "include_juce_audio_processors.mm"; path = "../../JuceLibraryCode/include_juce_audio_processors.mm"; sourceTree = "SOURCE_ROOT"; };
		DC5622A9A782F19FB2CF383B = {isa = PBXFileReference; lastKnownFileType = sourcecode.cpp.objcpp; name = "include_juce_opengl.mm"; path = "../../JuceLibraryCode/include_juce_opengl.mm"; sourceTree = "SOURCE_ROOT"; };
		E04AC3721972A7090549CA33 = {isa = PBXFileReference; lastKnownFileType = sourcecode.c.h; name = AppConfig.h; path = ../../JuceLibraryCode/AppConfig.h; sourceTree = "SOURCE_ROOT"; };
		E40E8480B9008194811BD04C = {isa = PBXFileReference; lastKnownFileType = wrapper.framework; name = WebKit.framework; path = System/Library/Frameworks/WebKit.framework; sourceTree = SDKROOT; };
		EBC360F989CD3A5ACCD98B55 = {isa = PBXFileReference; lastKnownFileType = wrapper.framework; name = CoreMIDI.framework; path = System/Library/Frameworks/CoreMIDI.framework; sourceTree = SDKROOT; };
		EBECF1B9D5DDC44A9EE217C5 = {isa = PBXFileReference; lastKnownFileType = sourcecode.c.h; name = PluginEditor.h; path = ../../Source/PluginEditor.h; sourceTree = "SOURCE_ROOT"; };
		EDEDF7E2531213A155F17BEF = {isa = PBXFileReference; lastKnownFileType = file; name = "juce_video"; path = "../../../modules/juce_video"; sourceTree = "SOURCE_ROOT"; };
		F71546E9E0DEC34B3CD125AB = {isa = PBXFileReference; lastKnownFileType = wrapper.framework; name = Cocoa.framework; path = System/Library/Frameworks/Cocoa.framework; sourceTree = SDKROOT; };
		F9DC24D3C042BFFC6D3C2E6D = {isa = PBXFileReference; lastKnownFileType = sourcecode.cpp.objcpp; name = "include_juce_audio_formats.mm"; path = "../../JuceLibraryCode/include_juce_audio_formats.mm"; sourceTree = "SOURCE_ROOT"; };
		FEB28CF3000DBE60FD274FAB = {isa = PBXFileReference; lastKnownFileType = file; name = "juce_core"; path = "../../../modules/juce_core"; sourceTree = "SOURCE_ROOT"; };
		DCB4D462164DAE7199BAFDBE = {isa = PBXGroup; children = (
					35231211888A03FA7C83DE7F,
					D19B444DC5E4AEC61815B740,
					10CF0931C23D6359F6D6CF7D,
					EBECF1B9D5DDC44A9EE217C5, ); name = Source; sourceTree = "<group>"; };
		8A7F83DDAA89998C763E748F = {isa = PBXGroup; children = (
					DCB4D462164DAE7199BAFDBE, ); name = MoogVCFTrap; sourceTree = "<group>"; };
		9CDA4150A26FCFE2AE2D9EE8 = {isa = PBXGroup; children = (
					0A56064D22CE5E2645BFB8DE,
					0321E32D1083064F5804FF1C,
					38F54347A06096A8273F0220,
					1D726D84494A7C8AB77883F0,
					154A1C7C20EAF48708843524,
					A93DA28784C49CDACB2C74E2,
					FEB28CF3000DBE60FD274FAB,
					A4F2A4DBD347127C0EE8C1BD,
					552A086918868A336FC03FE6,
					BEFFA94F73551182CD6A0D0B,
					0BF315CC7BDC401C7167A03D,
					630A0C6A178E6FEC8E35B8AC,
					72BBE11141B2042891DF3DE8,
					8661B37752F7A9D289938E48,
					EDEDF7E2531213A155F17BEF, ); name = "JUCE Modules"; sourceTree = "<group>"; };
		5D0FBF0467A79C04187D8B28 = {isa = PBXGroup; children = (
					E04AC3721972A7090549CA33,
					BD93C979A8AA049001DE4CDD,
					871C2D6F3787365402BFC248,
					F9DC24D3C042BFFC6D3C2E6D,
					B9639785FCA0FE4643819F81,
					483D87241D7F94D36BDD5F68,
					B60BEEDE93BD25C1B679A03E,
					9259F4566D68C4F35B7009FF,
					5D17A778CB56C3AE71D5FB26,
					3FCA6CC9A548505C0EEA6585,
					BA875FE337687CC7331FD09C,
					17A17FE7F81A0A69B18536E4,
					DA00D6DEB5ACFEE186346C9C,
					ABE73415AF74DA8F9EF3CF7D,
					CFBB686B9D3B7F0D5C1D5C58,
					A9ED9E488BA2F533FFC5690F,
					3F1214C94693198DE1CE84B1,
					4FEBDB0D8482C32BBE1BC203,
					C826BA14729A3D495B41659A,
					9C6716CB7D9E6C9AD8D9125F,
					D647AF8BCCFBCE562C6A92FF,
					DC5622A9A782F19FB2CF383B,
					BBD1F288B85B6BA2D5273C3A,
					C364AFBAD241DEFC38D7A773, ); name = "JUCE Library Code"; sourceTree = "<group>"; };
		B30393092652E2EFFE31AFAE = {isa = PBXGroup; children = (
					AEA3EA6535EF8EE3A8000CED,
					1DE2EF16F4B5696E69731CCF,
					41B56E41B10548DF47ADA6ED,
					1E4088CFBEF8038474C104B3,
					C7802BD1E66F4B47ECD5641F, ); name = Resources; sourceTree = "<group>"; };
		FCC694F55E1374FB3BFE705A = {isa = PBXGroup; children = (
					2D98AE75DCAE513FA7F1577C,
					18D4FB7F86BAD488C75EBB1C,
					4003C1B7576F51A73B5C41F5,
					99D363F253FC16377E771E8E,
					BB0A74CF0763434589A69E4E,
					AE99DBC44FCEF9863B50F85B,
					F71546E9E0DEC34B3CD125AB,
					02A5D72ED5C533324F00BEC6,
					226F3D2BB67056722476BC96,
					704D033329F19BEA92734F1C,
					EBC360F989CD3A5ACCD98B55,
					AB88F2F23918CAC68461783A,
					5EB3D5989AB011AC607368D1,
					A23504ED0ECFBE7FF0A632B1,
					258144F40CE914F6CD8015E3,
					E40E8480B9008194811BD04C, ); name = Frameworks; sourceTree = "<group>"; };
		6FF99965405C5A26207CB2EB = {isa = PBXGroup; children = (
					29D281DB58AB693DE5728D3E,
					7930C5CBB7CC5D459F014611,
					039E1703505A263F492FC87E,
					6042BE474F4C81C1EE41C25E,
					56DCF499D4471C1BEA57FE83, ); name = Products; sourceTree = "<group>"; };
		1A24964C1E34A39167DC7367 = {isa = PBXGroup; children = (
					1F999F72D3441FD2B72475E8,
					8A7F83DDAA89998C763E748F,
					9CDA4150A26FCFE2AE2D9EE8,
					5D0FBF0467A79C04187D8B28,
					B30393092652E2EFFE31AFAE,
					FCC694F55E1374FB3BFE705A,
					6FF99965405C5A26207CB2EB, ); name = Source; sourceTree = "<group>"; };
		53439A21A53EC9F17733E664 = {isa = XCBuildConfiguration; buildSettings = {
				MACOSX_DEPLOYMENT_TARGET = 10.11; }; name = Debug; };
		4D7A6AA0C8DF8CCABB028133 = {isa = XCBuildConfiguration; buildSettings = {
				MACOSX_DEPLOYMENT_TARGET = 10.11; }; name = Release; };
		86B5B51DE762FD28B81FA0CB = {isa = XCBuildConfiguration; buildSettings = {
				CLANG_CXX_LANGUAGE_STANDARD = "c++11";
				CLANG_LINK_OBJC_RUNTIME = NO;
				COMBINE_HIDPI_IMAGES = YES;
				CONFIGURATION_BUILD_DIR = "$(PROJECT_DIR)/build/$(CONFIGURATION)";
				COPY_PHASE_STRIP = NO;
				DEPLOYMENT_LOCATION = YES;
				DSTROOT = /;
				GCC_DYNAMIC_NO_PIC = NO;
				GCC_OPTIMIZATION_LEVEL = 0;
				GCC_PREPROCESSOR_DEFINITIONS = (
					"_DEBUG=1",
					"DEBUG=1",
					"JUCER_XCODE_MAC_F6D2F4CF=1",
					"JUCE_APP_VERSION=1.0.0",
					"JUCE_APP_VERSION_HEX=0x10000",
					"JucePlugin_Build_VST=1",
					"JucePlugin_Build_VST3=0",
					"JucePlugin_Build_AU=0",
					"JucePlugin_Build_AUv3=0",
					"JucePlugin_Build_RTAS=0",
					"JucePlugin_Build_AAX=0",
					"JucePlugin_Build_Standalone=0", );
				GCC_VERSION = com.apple.compilers.llvm.clang.1_0;
				GENERATE_PKGINFO_FILE = YES;
				HEADER_SEARCH_PATHS = ("../../JuceLibraryCode", "../../../modules", "../../../modules/juce_audio_plugin_client", "$(inherited)");
				INFOPLIST_FILE = Info-VST.plist;
				INFOPLIST_PREPROCESS = NO;
				INSTALL_PATH = "$(HOME)/Library/Audio/Plug-Ins/VST/";
				LIBRARY_STYLE = Bundle;
				MACOSX_DEPLOYMENT_TARGET = 10.11;
				MACOSX_DEPLOYMENT_TARGET_ppc = 10.4;
				OTHER_LDFLAGS = "-bundle -lMoogVCFTrap";
				PRODUCT_BUNDLE_IDENTIFIER = com.yourcompany.MoogVCFTrap;
				SDKROOT_ppc = macosx10.5;
				USE_HEADERMAP = NO;
				WRAPPER_EXTENSION = vst; }; name = Debug; };
		7F2B639ECA0671D712D70092 = {isa = XCBuildConfiguration; buildSettings = {
				CLANG_CXX_LANGUAGE_STANDARD = "c++11";
				CLANG_LINK_OBJC_RUNTIME = NO;
				COMBINE_HIDPI_IMAGES = YES;
				CONFIGURATION_BUILD_DIR = "$(PROJECT_DIR)/build/$(CONFIGURATION)";
				DEAD_CODE_STRIPPING = YES;
				DEPLOYMENT_LOCATION = YES;
				DSTROOT = /;
				GCC_GENERATE_DEBUGGING_SYMBOLS = NO;
				GCC_OPTIMIZATION_LEVEL = 3;
				GCC_PREPROCESSOR_DEFINITIONS = (
					"_NDEBUG=1",
					"NDEBUG=1",
					"JUCER_XCODE_MAC_F6D2F4CF=1",
					"JUCE_APP_VERSION=1.0.0",
					"JUCE_APP_VERSION_HEX=0x10000",
					"JucePlugin_Build_VST=1",
					"JucePlugin_Build_VST3=0",
					"JucePlugin_Build_AU=0",
					"JucePlugin_Build_AUv3=0",
					"JucePlugin_Build_RTAS=0",
					"JucePlugin_Build_AAX=0",
					"JucePlugin_Build_Standalone=0", );
				GCC_SYMBOLS_PRIVATE_EXTERN = YES;
				GCC_VERSION = com.apple.compilers.llvm.clang.1_0;
				GENERATE_PKGINFO_FILE = YES;
				HEADER_SEARCH_PATHS = ("../../JuceLibraryCode", "../../../modules", "../../../modules/juce_audio_plugin_client", "$(inherited)");
				INFOPLIST_FILE = Info-VST.plist;
				INFOPLIST_PREPROCESS = NO;
				INSTALL_PATH = "$(HOME)/Library/Audio/Plug-Ins/VST/";
				LIBRARY_STYLE = Bundle;
				LLVM_LTO = YES;
				MACOSX_DEPLOYMENT_TARGET = 10.11;
				MACOSX_DEPLOYMENT_TARGET_ppc = 10.4;
				OTHER_LDFLAGS = "-bundle -lMoogVCFTrap";
				PRODUCT_BUNDLE_IDENTIFIER = com.yourcompany.MoogVCFTrap;
				SDKROOT_ppc = macosx10.5;
				USE_HEADERMAP = NO;
				WRAPPER_EXTENSION = vst; }; name = Release; };
		11B57D9D6C3032E1CB93BED3 = {isa = XCBuildConfiguration; buildSettings = {
				CLANG_CXX_LANGUAGE_STANDARD = "c++11";
				CLANG_LINK_OBJC_RUNTIME = NO;
				COMBINE_HIDPI_IMAGES = YES;
				CONFIGURATION_BUILD_DIR = "$(PROJECT_DIR)/build/$(CONFIGURATION)";
				COPY_PHASE_STRIP = NO;
				DEPLOYMENT_LOCATION = YES;
				DSTROOT = /;
				GCC_DYNAMIC_NO_PIC = NO;
				GCC_OPTIMIZATION_LEVEL = 0;
				GCC_PREPROCESSOR_DEFINITIONS = (
					"_DEBUG=1",
					"DEBUG=1",
					"JUCER_XCODE_MAC_F6D2F4CF=1",
					"JUCE_APP_VERSION=1.0.0",
					"JUCE_APP_VERSION_HEX=0x10000",
					"JucePlugin_Build_VST=0",
					"JucePlugin_Build_VST3=0",
					"JucePlugin_Build_AU=1",
					"JucePlugin_Build_AUv3=0",
					"JucePlugin_Build_RTAS=0",
					"JucePlugin_Build_AAX=0",
					"JucePlugin_Build_Standalone=0", );
				GCC_VERSION = com.apple.compilers.llvm.clang.1_0;
				GENERATE_PKGINFO_FILE = YES;
				HEADER_SEARCH_PATHS = ("../../JuceLibraryCode", "../../../modules", "../../../modules/juce_audio_plugin_client", "$(inherited)");
				INFOPLIST_FILE = Info-AU.plist;
				INFOPLIST_PREPROCESS = NO;
				INSTALL_PATH = "$(HOME)/Library/Audio/Plug-Ins/Components/";
				LIBRARY_STYLE = Bundle;
				MACOSX_DEPLOYMENT_TARGET = 10.11;
				MACOSX_DEPLOYMENT_TARGET_ppc = 10.4;
				OTHER_LDFLAGS = "-bundle -lMoogVCFTrap";
				OTHER_REZFLAGS = "-d ppc_$ppc -d i386_$i386 -d ppc64_$ppc64 -d x86_64_$x86_64 -I /System/Library/Frameworks/CoreServices.framework/Frameworks/CarbonCore.framework/Versions/A/Headers -I \"$(DEVELOPER_DIR)/Extras/CoreAudio/AudioUnits/AUPublic/AUBase\"";
				PRODUCT_BUNDLE_IDENTIFIER = com.yourcompany.MoogVCFTrap;
				SDKROOT_ppc = macosx10.5;
				USE_HEADERMAP = NO;
				WRAPPER_EXTENSION = component; }; name = Debug; };
		0E400D8210CC3EC13A167086 = {isa = XCBuildConfiguration; buildSettings = {
				CLANG_CXX_LANGUAGE_STANDARD = "c++11";
				CLANG_LINK_OBJC_RUNTIME = NO;
				COMBINE_HIDPI_IMAGES = YES;
				CONFIGURATION_BUILD_DIR = "$(PROJECT_DIR)/build/$(CONFIGURATION)";
				DEAD_CODE_STRIPPING = YES;
				DEPLOYMENT_LOCATION = YES;
				DSTROOT = /;
				GCC_GENERATE_DEBUGGING_SYMBOLS = NO;
				GCC_OPTIMIZATION_LEVEL = 3;
				GCC_PREPROCESSOR_DEFINITIONS = (
					"_NDEBUG=1",
					"NDEBUG=1",
					"JUCER_XCODE_MAC_F6D2F4CF=1",
					"JUCE_APP_VERSION=1.0.0",
					"JUCE_APP_VERSION_HEX=0x10000",
					"JucePlugin_Build_VST=0",
					"JucePlugin_Build_VST3=0",
					"JucePlugin_Build_AU=1",
					"JucePlugin_Build_AUv3=0",
					"JucePlugin_Build_RTAS=0",
					"JucePlugin_Build_AAX=0",
					"JucePlugin_Build_Standalone=0", );
				GCC_SYMBOLS_PRIVATE_EXTERN = YES;
				GCC_VERSION = com.apple.compilers.llvm.clang.1_0;
				GENERATE_PKGINFO_FILE = YES;
				HEADER_SEARCH_PATHS = ("../../JuceLibraryCode", "../../../modules", "../../../modules/juce_audio_plugin_client", "$(inherited)");
				INFOPLIST_FILE = Info-AU.plist;
				INFOPLIST_PREPROCESS = NO;
				INSTALL_PATH = "$(HOME)/Library/Audio/Plug-Ins/Components/";
				LIBRARY_STYLE = Bundle;
				LLVM_LTO = YES;
				MACOSX_DEPLOYMENT_TARGET = 10.11;
				MACOSX_DEPLOYMENT_TARGET_ppc = 10.4;
				OTHER_LDFLAGS = "-bundle -lMoogVCFTrap";
				OTHER_REZFLAGS = "-d ppc_$ppc -d i386_$i386 -d ppc64_$ppc64 -d x86_64_$x86_64 -I /System/Library/Frameworks/CoreServices.framework/Frameworks/CarbonCore.framework/Versions/A/Headers -I \"$(DEVELOPER_DIR)/Extras/CoreAudio/AudioUnits/AUPublic/AUBase\"";
				PRODUCT_BUNDLE_IDENTIFIER = com.yourcompany.MoogVCFTrap;
				SDKROOT_ppc = macosx10.5;
				USE_HEADERMAP = NO;
				WRAPPER_EXTENSION = component; }; name = Release; };
		B50D68448F2461F17C2AB17B = {isa = XCBuildConfiguration; buildSettings = {
				ARCHS = "$(ARCHS_STANDARD_64_BIT)";
				CLANG_CXX_LANGUAGE_STANDARD = "c++11";
				CLANG_LINK_OBJC_RUNTIME = NO;
				CODE_SIGN_ENTITLEMENTS = "MoogVCFTrap.entitlements";
				COMBINE_HIDPI_IMAGES = YES;
				CONFIGURATION_BUILD_DIR = "$(PROJECT_DIR)/build/$(CONFIGURATION)";
				COPY_PHASE_STRIP = NO;
				GCC_DYNAMIC_NO_PIC = NO;
				GCC_OPTIMIZATION_LEVEL = 0;
				GCC_PREPROCESSOR_DEFINITIONS = (
					"_DEBUG=1",
					"DEBUG=1",
					"JUCER_XCODE_MAC_F6D2F4CF=1",
					"JUCE_APP_VERSION=1.0.0",
					"JUCE_APP_VERSION_HEX=0x10000",
					"JucePlugin_Build_VST=0",
					"JucePlugin_Build_VST3=0",
					"JucePlugin_Build_AU=0",
					"JucePlugin_Build_AUv3=1",
					"JucePlugin_Build_RTAS=0",
					"JucePlugin_Build_AAX=0",
					"JucePlugin_Build_Standalone=0", );
				GCC_VERSION = com.apple.compilers.llvm.clang.1_0;
				HEADER_SEARCH_PATHS = ("../../JuceLibraryCode", "../../../modules", "../../../modules/juce_audio_plugin_client", "$(inherited)");
				INFOPLIST_FILE = Info-AUv3_AppExtension.plist;
				INFOPLIST_PREPROCESS = NO;
				MACOSX_DEPLOYMENT_TARGET = 10.11;
				MACOSX_DEPLOYMENT_TARGET_ppc = 10.4;
				OTHER_LDFLAGS = "-lMoogVCFTrap";
				PRODUCT_BUNDLE_IDENTIFIER = com.yourcompany.MoogVCFTrap.MoogVCFTrapAUv3;
				SDKROOT_ppc = macosx10.5;
				USE_HEADERMAP = NO; }; name = Debug; };
		52002A9C486B409A826B2E2D = {isa = XCBuildConfiguration; buildSettings = {
				ARCHS = "$(ARCHS_STANDARD_64_BIT)";
				CLANG_CXX_LANGUAGE_STANDARD = "c++11";
				CLANG_LINK_OBJC_RUNTIME = NO;
				CODE_SIGN_ENTITLEMENTS = "MoogVCFTrap.entitlements";
				COMBINE_HIDPI_IMAGES = YES;
				CONFIGURATION_BUILD_DIR = "$(PROJECT_DIR)/build/$(CONFIGURATION)";
				DEAD_CODE_STRIPPING = YES;
				GCC_GENERATE_DEBUGGING_SYMBOLS = NO;
				GCC_OPTIMIZATION_LEVEL = 3;
				GCC_PREPROCESSOR_DEFINITIONS = (
					"_NDEBUG=1",
					"NDEBUG=1",
					"JUCER_XCODE_MAC_F6D2F4CF=1",
					"JUCE_APP_VERSION=1.0.0",
					"JUCE_APP_VERSION_HEX=0x10000",
					"JucePlugin_Build_VST=0",
					"JucePlugin_Build_VST3=0",
					"JucePlugin_Build_AU=0",
					"JucePlugin_Build_AUv3=1",
					"JucePlugin_Build_RTAS=0",
					"JucePlugin_Build_AAX=0",
					"JucePlugin_Build_Standalone=0", );
				GCC_SYMBOLS_PRIVATE_EXTERN = YES;
				GCC_VERSION = com.apple.compilers.llvm.clang.1_0;
				HEADER_SEARCH_PATHS = ("../../JuceLibraryCode", "../../../modules", "../../../modules/juce_audio_plugin_client", "$(inherited)");
				INFOPLIST_FILE = Info-AUv3_AppExtension.plist;
				INFOPLIST_PREPROCESS = NO;
				LLVM_LTO = YES;
				MACOSX_DEPLOYMENT_TARGET = 10.11;
				MACOSX_DEPLOYMENT_TARGET_ppc = 10.4;
				OTHER_LDFLAGS = "-lMoogVCFTrap";
				PRODUCT_BUNDLE_IDENTIFIER = com.yourcompany.MoogVCFTrap.MoogVCFTrapAUv3;
				SDKROOT_ppc = macosx10.5;
				USE_HEADERMAP = NO; }; name = Release; };
		81088558F62D6C6FF72FE6A8 = {isa = XCBuildConfiguration; buildSettings = {
				CLANG_CXX_LANGUAGE_STANDARD = "c++11";
				CLANG_LINK_OBJC_RUNTIME = NO;
				COMBINE_HIDPI_IMAGES = YES;
				CONFIGURATION_BUILD_DIR = "$(PROJECT_DIR)/build/$(CONFIGURATION)";
				COPY_PHASE_STRIP = NO;
				GCC_DYNAMIC_NO_PIC = NO;
				GCC_OPTIMIZATION_LEVEL = 0;
				GCC_PREPROCESSOR_DEFINITIONS = (
					"_DEBUG=1",
					"DEBUG=1",
					"JUCER_XCODE_MAC_F6D2F4CF=1",
					"JUCE_APP_VERSION=1.0.0",
					"JUCE_APP_VERSION_HEX=0x10000",
					"JucePlugin_Build_VST=0",
					"JucePlugin_Build_VST3=0",
					"JucePlugin_Build_AU=0",
					"JucePlugin_Build_AUv3=0",
					"JucePlugin_Build_RTAS=0",
					"JucePlugin_Build_AAX=0",
					"JucePlugin_Build_Standalone=1", );
				GCC_VERSION = com.apple.compilers.llvm.clang.1_0;
				HEADER_SEARCH_PATHS = ("../../JuceLibraryCode", "../../../modules", "../../../modules/juce_audio_plugin_client", "$(inherited)");
				INFOPLIST_FILE = Info-Standalone_Plugin.plist;
				INFOPLIST_PREPROCESS = NO;
				MACOSX_DEPLOYMENT_TARGET = 10.11;
				MACOSX_DEPLOYMENT_TARGET_ppc = 10.4;
				OTHER_LDFLAGS = "-lMoogVCFTrap";
				PRODUCT_BUNDLE_IDENTIFIER = com.yourcompany.MoogVCFTrap;
				SDKROOT_ppc = macosx10.5;
				USE_HEADERMAP = NO; }; name = Debug; };
		B1558CC5CFEBBA97A05003B9 = {isa = XCBuildConfiguration; buildSettings = {
				CLANG_CXX_LANGUAGE_STANDARD = "c++11";
				CLANG_LINK_OBJC_RUNTIME = NO;
				COMBINE_HIDPI_IMAGES = YES;
				CONFIGURATION_BUILD_DIR = "$(PROJECT_DIR)/build/$(CONFIGURATION)";
				DEAD_CODE_STRIPPING = YES;
				GCC_GENERATE_DEBUGGING_SYMBOLS = NO;
				GCC_OPTIMIZATION_LEVEL = 3;
				GCC_PREPROCESSOR_DEFINITIONS = (
					"_NDEBUG=1",
					"NDEBUG=1",
					"JUCER_XCODE_MAC_F6D2F4CF=1",
					"JUCE_APP_VERSION=1.0.0",
					"JUCE_APP_VERSION_HEX=0x10000",
					"JucePlugin_Build_VST=0",
					"JucePlugin_Build_VST3=0",
					"JucePlugin_Build_AU=0",
					"JucePlugin_Build_AUv3=0",
					"JucePlugin_Build_RTAS=0",
					"JucePlugin_Build_AAX=0",
					"JucePlugin_Build_Standalone=1", );
				GCC_SYMBOLS_PRIVATE_EXTERN = YES;
				GCC_VERSION = com.apple.compilers.llvm.clang.1_0;
				HEADER_SEARCH_PATHS = ("../../JuceLibraryCode", "../../../modules", "../../../modules/juce_audio_plugin_client", "$(inherited)");
				INFOPLIST_FILE = Info-Standalone_Plugin.plist;
				INFOPLIST_PREPROCESS = NO;
				LLVM_LTO = YES;
				MACOSX_DEPLOYMENT_TARGET = 10.11;
				MACOSX_DEPLOYMENT_TARGET_ppc = 10.4;
				OTHER_LDFLAGS = "-lMoogVCFTrap";
				PRODUCT_BUNDLE_IDENTIFIER = com.yourcompany.MoogVCFTrap;
				SDKROOT_ppc = macosx10.5;
				USE_HEADERMAP = NO; }; name = Release; };
		DCF2A0B3E2EC993C852EC25B = {isa = XCBuildConfiguration; buildSettings = {
				CLANG_CXX_LANGUAGE_STANDARD = "c++11";
				CLANG_LINK_OBJC_RUNTIME = NO;
				COMBINE_HIDPI_IMAGES = YES;
				CONFIGURATION_BUILD_DIR = "$(PROJECT_DIR)/build/$(CONFIGURATION)";
				COPY_PHASE_STRIP = NO;
				GCC_DYNAMIC_NO_PIC = NO;
				GCC_OPTIMIZATION_LEVEL = 0;
				GCC_PREPROCESSOR_DEFINITIONS = (
					"_DEBUG=1",
					"DEBUG=1",
					"JUCER_XCODE_MAC_F6D2F4CF=1",
					"JUCE_APP_VERSION=1.0.0",
					"JUCE_APP_VERSION_HEX=0x10000",
					"JucePlugin_Build_VST=1",
					"JucePlugin_Build_VST3=0",
					"JucePlugin_Build_AU=1",
					"JucePlugin_Build_AUv3=1",
					"JucePlugin_Build_RTAS=0",
					"JucePlugin_Build_AAX=0",
					"JucePlugin_Build_Standalone=1",
					"JUCE_SHARED_CODE=1", );
				GCC_VERSION = com.apple.compilers.llvm.clang.1_0;
				HEADER_SEARCH_PATHS = ("../../JuceLibraryCode", "../../../modules", "../../../modules/juce_audio_plugin_client", "$(inherited)");
				INSTALL_PATH = "@executable_path/../Frameworks";
				MACOSX_DEPLOYMENT_TARGET = 10.11;
				MACOSX_DEPLOYMENT_TARGET_ppc = 10.4;
				PRODUCT_BUNDLE_IDENTIFIER = com.yourcompany.MoogVCFTrap;
				SDKROOT_ppc = macosx10.5;
				USE_HEADERMAP = NO; }; name = Debug; };
		EDFC5F9BC64598F634D95FB7 = {isa = XCBuildConfiguration; buildSettings = {
				CLANG_CXX_LANGUAGE_STANDARD = "c++11";
				CLANG_LINK_OBJC_RUNTIME = NO;
				COMBINE_HIDPI_IMAGES = YES;
				CONFIGURATION_BUILD_DIR = "$(PROJECT_DIR)/build/$(CONFIGURATION)";
				DEAD_CODE_STRIPPING = YES;
				GCC_GENERATE_DEBUGGING_SYMBOLS = NO;
				GCC_OPTIMIZATION_LEVEL = 3;
				GCC_PREPROCESSOR_DEFINITIONS = (
					"_NDEBUG=1",
					"NDEBUG=1",
					"JUCER_XCODE_MAC_F6D2F4CF=1",
					"JUCE_APP_VERSION=1.0.0",
					"JUCE_APP_VERSION_HEX=0x10000",
					"JucePlugin_Build_VST=1",
					"JucePlugin_Build_VST3=0",
					"JucePlugin_Build_AU=1",
					"JucePlugin_Build_AUv3=1",
					"JucePlugin_Build_RTAS=0",
					"JucePlugin_Build_AAX=0",
					"JucePlugin_Build_Standalone=1",
					"JUCE_SHARED_CODE=1", );
				GCC_SYMBOLS_PRIVATE_EXTERN = YES;
				GCC_VERSION = com.apple.compilers.llvm.clang.1_0;
				HEADER_SEARCH_PATHS = ("../../JuceLibraryCode", "../../../modules", "../../../modules/juce_audio_plugin_client", "$(inherited)");
				INSTALL_PATH = "@executable_path/../Frameworks";
				LLVM_LTO = YES;
				MACOSX_DEPLOYMENT_TARGET = 10.11;
				MACOSX_DEPLOYMENT_TARGET_ppc = 10.4;
				PRODUCT_BUNDLE_IDENTIFIER = com.yourcompany.MoogVCFTrap;
				SDKROOT_ppc = macosx10.5;
				USE_HEADERMAP = NO; }; name = Release; };
		8CB0E6A5677E66FFD7BF20C5 = {isa = XCBuildConfiguration; buildSettings = {
				ALWAYS_SEARCH_USER_PATHS = NO;
				CLANG_WARN_BLOCK_CAPTURE_AUTORELEASING = YES;
				CLANG_WARN_BOOL_CONVERSION = YES;
				CLANG_WARN_COMMA = YES;
				CLANG_WARN_CONSTANT_CONVERSION = YES;
				CLANG_WARN_EMPTY_BODY = YES;
				CLANG_WARN_ENUM_CONVERSION = YES;
				CLANG_WARN_INFINITE_RECURSION = YES;
				CLANG_WARN_INT_CONVERSION = YES;
				CLANG_WARN_NON_LITERAL_NULL_CONVERSION = YES;
				CLANG_WARN_OBJC_LITERAL_CONVERSION = YES;
				CLANG_WARN_RANGE_LOOP_ANALYSIS = YES;
				CLANG_WARN_STRICT_PROTOTYPES = YES;
				CLANG_WARN_SUSPICIOUS_MOVE = YES;
				CLANG_WARN_UNREACHABLE_CODE = YES;
				CLANG_WARN__DUPLICATE_METHOD_MATCH = YES;
				DEBUG_INFORMATION_FORMAT = "dwarf";
				ENABLE_STRICT_OBJC_MSGSEND = YES;
				ENABLE_TESTABILITY = YES;
				GCC_C_LANGUAGE_STANDARD = c11;
				GCC_INLINES_ARE_PRIVATE_EXTERN = YES;
				GCC_MODEL_TUNING = G5;
				GCC_NO_COMMON_BLOCKS = YES;
				GCC_WARN_64_TO_32_BIT_CONVERSION = YES;
				GCC_WARN_ABOUT_RETURN_TYPE = YES;
				GCC_WARN_CHECK_SWITCH_STATEMENTS = YES;
				GCC_WARN_MISSING_PARENTHESES = YES;
				GCC_WARN_NON_VIRTUAL_DESTRUCTOR = YES;
				GCC_WARN_TYPECHECK_CALLS_TO_PRINTF = YES;
				GCC_WARN_UNDECLARED_SELECTOR = YES;
				GCC_WARN_UNINITIALIZED_AUTOS = YES;
				GCC_WARN_UNUSED_FUNCTION = YES;
				GCC_WARN_UNUSED_VARIABLE = YES;
				ONLY_ACTIVE_ARCH = YES;
				PRODUCT_NAME = "MoogVCFTrap";
				WARNING_CFLAGS = -Wreorder;
				ZERO_LINK = NO; }; name = Debug; };
		1952CC90ADDBB23252328A81 = {isa = XCBuildConfiguration; buildSettings = {
				ALWAYS_SEARCH_USER_PATHS = NO;
				CLANG_WARN_BLOCK_CAPTURE_AUTORELEASING = YES;
				CLANG_WARN_BOOL_CONVERSION = YES;
				CLANG_WARN_COMMA = YES;
				CLANG_WARN_CONSTANT_CONVERSION = YES;
				CLANG_WARN_EMPTY_BODY = YES;
				CLANG_WARN_ENUM_CONVERSION = YES;
				CLANG_WARN_INFINITE_RECURSION = YES;
				CLANG_WARN_INT_CONVERSION = YES;
				CLANG_WARN_NON_LITERAL_NULL_CONVERSION = YES;
				CLANG_WARN_OBJC_LITERAL_CONVERSION = YES;
				CLANG_WARN_RANGE_LOOP_ANALYSIS = YES;
				CLANG_WARN_STRICT_PROTOTYPES = YES;
				CLANG_WARN_SUSPICIOUS_MOVE = YES;
				CLANG_WARN_UNREACHABLE_CODE = YES;
				CLANG_WARN__DUPLICATE_METHOD_MATCH = YES;
				DEBUG_INFORMATION_FORMAT = "dwarf";
				ENABLE_STRICT_OBJC_MSGSEND = YES;
				GCC_C_LANGUAGE_STANDARD = c11;
				GCC_INLINES_ARE_PRIVATE_EXTERN = YES;
				GCC_MODEL_TUNING = G5;
				GCC_NO_COMMON_BLOCKS = YES;
				GCC_WARN_64_TO_32_BIT_CONVERSION = YES;
				GCC_WARN_ABOUT_RETURN_TYPE = YES;
				GCC_WARN_CHECK_SWITCH_STATEMENTS = YES;
				GCC_WARN_MISSING_PARENTHESES = YES;
				GCC_WARN_NON_VIRTUAL_DESTRUCTOR = YES;
				GCC_WARN_TYPECHECK_CALLS_TO_PRINTF = YES;
				GCC_WARN_UNDECLARED_SELECTOR = YES;
				GCC_WARN_UNINITIALIZED_AUTOS = YES;
				GCC_WARN_UNUSED_FUNCTION = YES;
				GCC_WARN_UNUSED_VARIABLE = YES;
				PRODUCT_NAME = "MoogVCFTrap";
				WARNING_CFLAGS = -Wreorder;
				ZERO_LINK = NO; }; name = Release; };
		97ADDF21DE90337AF406621C = {isa = PBXTargetDependency; target = 441BD5271AB4B7150352925A; };
		71C55E18D1A72A0B21E099BD = {isa = PBXTargetDependency; target = B967BD1200FBA98FEDE86CE3; };
		54A36CBBCD81A355E670BD85 = {isa = PBXTargetDependency; target = 88060713B32E658DAC22721F; };
		1081FE634D0E4654708093BC = {isa = PBXTargetDependency; target = 1F1F14115D0C7346019DFA82; };
		7BE228B0E10D5D22634CA127 = {isa = PBXTargetDependency; target = ED37D4BDD2314CE2A3DE37CD; };
		85F18FFF76A44A50300EEE8A = {isa = XCConfigurationList; buildConfigurations = (
					8CB0E6A5677E66FFD7BF20C5,
					1952CC90ADDBB23252328A81, ); defaultConfigurationIsVisible = 0; defaultConfigurationName = Debug; };
		F8AAEABBD5C62F330E631353 = {isa = XCConfigurationList; buildConfigurations = (
					53439A21A53EC9F17733E664,
					4D7A6AA0C8DF8CCABB028133, ); defaultConfigurationIsVisible = 0; defaultConfigurationName = Debug; };
		9A2C82EECDDEE8652A4B405E = {isa = PBXAggregateTarget; buildConfigurationList = F8AAEABBD5C62F330E631353; buildPhases = (  ); buildRules = ( ); dependencies = (
					97ADDF21DE90337AF406621C,
					71C55E18D1A72A0B21E099BD,
					54A36CBBCD81A355E670BD85,
					1081FE634D0E4654708093BC,
					7BE228B0E10D5D22634CA127, ); name = "MoogVCFTrap - All"; productName = MoogVCFTrap; };
		38BA00BABDD7A1DD4E46580B = {isa = XCConfigurationList; buildConfigurations = (
					86B5B51DE762FD28B81FA0CB,
					7F2B639ECA0671D712D70092, ); defaultConfigurationIsVisible = 0; defaultConfigurationName = Debug; };
		ABB96F26AFF5B3A06E6E82D2 = {isa = PBXResourcesBuildPhase; buildActionMask = 2147483647; files = (
					B04A5382859A4295B310B554, ); runOnlyForDeploymentPostprocessing = 0; };
		6261FF99494175239C20BF88 = {isa = PBXSourcesBuildPhase; buildActionMask = 2147483647; files = (
					D301FCD2BFB15021A00F3B78, ); runOnlyForDeploymentPostprocessing = 0; };
		C1791B9B1A6041C975B1D4B0 = {isa = PBXFrameworksBuildPhase; buildActionMask = 2147483647; files = (
					5A67E2F8A78778F1846330E4,
					1A7C601899DA30DE4751E238,
					A5EE255C60D5BC7427E1B347,
					F6D774E6B36BF7F02DFC1387,
					81A650BA693B4CD36CCDFFD1,
					370195CD209F496A4561C0A5,
					87B68A04E6CF418960146E53,
					0B0DE925C64D0C1C2251EF87,
					D6BE7AEBD24B49347502A070,
					CBF24A94A3D2C839EA66B90D,
					A9AA1E4F008B15CD9E667A07,
					AB2982C14EF99576AAA090A7,
					33A13908B77D2A405F65C459,
					58F98728D9FFD91E15AD2589, ); runOnlyForDeploymentPostprocessing = 0; };
		441BD5271AB4B7150352925A = {isa = PBXNativeTarget; buildConfigurationList = 38BA00BABDD7A1DD4E46580B; buildPhases = (
					ABB96F26AFF5B3A06E6E82D2,
					6261FF99494175239C20BF88,
					C1791B9B1A6041C975B1D4B0, ); buildRules = ( ); dependencies = (
					7BE228B0E10D5D22634CA127, ); name = "MoogVCFTrap - VST"; productName = MoogVCFTrap; productReference = 29D281DB58AB693DE5728D3E; productType = "com.apple.product-type.bundle"; };
		1D176DD3E1E4ACE4B25249D9 = {isa = XCConfigurationList; buildConfigurations = (
					11B57D9D6C3032E1CB93BED3,
					0E400D8210CC3EC13A167086, ); defaultConfigurationIsVisible = 0; defaultConfigurationName = Debug; };
		B34EF257F61E01B87A6B6D18 = {isa = PBXResourcesBuildPhase; buildActionMask = 2147483647; files = (
					B04A5382859A4295B310B554, ); runOnlyForDeploymentPostprocessing = 0; };
		EE9A5D052F7EE5233813C722 = {isa = PBXRezBuildPhase; buildActionMask = 2147483647; files = (
					8B911E19F422D169618C8797, ); runOnlyForDeploymentPostprocessing = 0; };
		865DCBF61BC40220CD0376FE = {isa = PBXSourcesBuildPhase; buildActionMask = 2147483647; files = (
					8AE6E387763675716EA4245E,
					33865853ECE2AC0104D0A7F1, ); runOnlyForDeploymentPostprocessing = 0; };
		76F3B0266DC8A5E810F1C4F2 = {isa = PBXFrameworksBuildPhase; buildActionMask = 2147483647; files = (
					5A67E2F8A78778F1846330E4,
					1A7C601899DA30DE4751E238,
					A15A6470B173C505C773CB0F,
					A5EE255C60D5BC7427E1B347,
					F6D774E6B36BF7F02DFC1387,
					81A650BA693B4CD36CCDFFD1,
					370195CD209F496A4561C0A5,
					87B68A04E6CF418960146E53,
					0E8171E949879E3C6AAB5D4B,
					0B0DE925C64D0C1C2251EF87,
					D6BE7AEBD24B49347502A070,
					CBF24A94A3D2C839EA66B90D,
					A9AA1E4F008B15CD9E667A07,
					AB2982C14EF99576AAA090A7,
					33A13908B77D2A405F65C459,
					58F98728D9FFD91E15AD2589, ); runOnlyForDeploymentPostprocessing = 0; };
		B967BD1200FBA98FEDE86CE3 = {isa = PBXNativeTarget; buildConfigurationList = 1D176DD3E1E4ACE4B25249D9; buildPhases = (
					B34EF257F61E01B87A6B6D18,
					EE9A5D052F7EE5233813C722,
					865DCBF61BC40220CD0376FE,
					76F3B0266DC8A5E810F1C4F2, ); buildRules = ( ); dependencies = (
					7BE228B0E10D5D22634CA127, ); name = "MoogVCFTrap - AU"; productName = MoogVCFTrap; productReference = 7930C5CBB7CC5D459F014611; productType = "com.apple.product-type.bundle"; };
		2EB55603F3B49430C6D46BFC = {isa = XCConfigurationList; buildConfigurations = (
					B50D68448F2461F17C2AB17B,
					52002A9C486B409A826B2E2D, ); defaultConfigurationIsVisible = 0; defaultConfigurationName = Debug; };
		3512EAC0F6C0266E8766CA1E = {isa = PBXSourcesBuildPhase; buildActionMask = 2147483647; files = (
					DB714ACC2EEA7A0B97A9451B, ); runOnlyForDeploymentPostprocessing = 0; };
		B68F98E53F096E2FB02485B3 = {isa = PBXFrameworksBuildPhase; buildActionMask = 2147483647; files = (
					5A67E2F8A78778F1846330E4,
					1A7C601899DA30DE4751E238,
					A15A6470B173C505C773CB0F,
					A5EE255C60D5BC7427E1B347,
					F6D774E6B36BF7F02DFC1387,
					81A650BA693B4CD36CCDFFD1,
					370195CD209F496A4561C0A5,
					87B68A04E6CF418960146E53,
					0E8171E949879E3C6AAB5D4B,
					0B0DE925C64D0C1C2251EF87,
					D6BE7AEBD24B49347502A070,
					CBF24A94A3D2C839EA66B90D,
					A9AA1E4F008B15CD9E667A07,
					AB2982C14EF99576AAA090A7,
					33A13908B77D2A405F65C459,
					58F98728D9FFD91E15AD2589, ); runOnlyForDeploymentPostprocessing = 0; };
		88060713B32E658DAC22721F = {isa = PBXNativeTarget; buildConfigurationList = 2EB55603F3B49430C6D46BFC; buildPhases = (
					3512EAC0F6C0266E8766CA1E,
					B68F98E53F096E2FB02485B3, ); buildRules = ( ); dependencies = (
					7BE228B0E10D5D22634CA127, ); name = "MoogVCFTrap - AUv3 AppExtension"; productName = MoogVCFTrap; productReference = 039E1703505A263F492FC87E; productType = "com.apple.product-type.app-extension"; };
		C4446EB7F1BC53F640179D90 = {isa = XCConfigurationList; buildConfigurations = (
					81088558F62D6C6FF72FE6A8,
					B1558CC5CFEBBA97A05003B9, ); defaultConfigurationIsVisible = 0; defaultConfigurationName = Debug; };
		05324703F123311AA3C91FD5 = {isa = PBXResourcesBuildPhase; buildActionMask = 2147483647; files = (
					B04A5382859A4295B310B554, ); runOnlyForDeploymentPostprocessing = 0; };
		F98BFA436CCCDE7BABCD78D1 = {isa = PBXSourcesBuildPhase; buildActionMask = 2147483647; files = (
					119B5A5B00A68A1178C24C01, ); runOnlyForDeploymentPostprocessing = 0; };
		26D89FCED62B2466859A392D = {isa = PBXFrameworksBuildPhase; buildActionMask = 2147483647; files = (
					5A67E2F8A78778F1846330E4,
					1A7C601899DA30DE4751E238,
					A5EE255C60D5BC7427E1B347,
					F6D774E6B36BF7F02DFC1387,
					81A650BA693B4CD36CCDFFD1,
					370195CD209F496A4561C0A5,
					87B68A04E6CF418960146E53,
					0B0DE925C64D0C1C2251EF87,
					D6BE7AEBD24B49347502A070,
					CBF24A94A3D2C839EA66B90D,
					A9AA1E4F008B15CD9E667A07,
					AB2982C14EF99576AAA090A7,
					33A13908B77D2A405F65C459,
					58F98728D9FFD91E15AD2589, ); runOnlyForDeploymentPostprocessing = 0; };
		6970787BDDD6D8566E199DCE = {isa = PBXCopyFilesBuildPhase; buildActionMask = 2147483647; files = (
					C05AE88FB143478BC33EE14B, ); runOnlyForDeploymentPostprocessing = 0; name = "Embed App Extensions"; dstPath = ""; dstSubfolderSpec = 13; };
		1F1F14115D0C7346019DFA82 = {isa = PBXNativeTarget; buildConfigurationList = C4446EB7F1BC53F640179D90; buildPhases = (
					05324703F123311AA3C91FD5,
					F98BFA436CCCDE7BABCD78D1,
					26D89FCED62B2466859A392D,
					6970787BDDD6D8566E199DCE, ); buildRules = ( ); dependencies = (
					54A36CBBCD81A355E670BD85,
					7BE228B0E10D5D22634CA127, ); name = "MoogVCFTrap - Standalone Plugin"; productName = MoogVCFTrap; productReference = 6042BE474F4C81C1EE41C25E; productType = "com.apple.product-type.application"; };
		79E9979C39D77C9A5749608F = {isa = XCConfigurationList; buildConfigurations = (
					DCF2A0B3E2EC993C852EC25B,
					EDFC5F9BC64598F634D95FB7, ); defaultConfigurationIsVisible = 0; defaultConfigurationName = Debug; };
		7990956CE0A7FA824D5F72B4 = {isa = PBXSourcesBuildPhase; buildActionMask = 2147483647; files = (
					8E0CD43750DF9EF47C7F7ED6,
					BBE693BB46E85ABD9ACA0347,
					0A7FF8B75639FFDC0DEF52AE,
					0D890E8C5D124A8486C6481E,
					663958E1CF44CD06FD06438F,
					FD0FC3D0CA92F2D8F1572CB1,
					DC2C2E7D9B64E5E1243F0581,
					0472E06A5A5C749C5E71FD3C,
					28B6904D4B047947920E1757,
					B05F28B4BD4C6A574141F849,
					69E1E8F569AB9C1D478EADCD,
					ED289E5A7EBB83362F6E4196,
					63D15B50BF59220D904A7890,
					4FCB3562DEB42D018FEA34C6,
					7ACD17BBF9D4D3FE2F651CE8,
					5175D6D5F3B86A0E61F08B8E,
					50CB27D0E747FADE2D8AFB82,
					090B7D9A35BF5747D296559E, ); runOnlyForDeploymentPostprocessing = 0; };
		ED37D4BDD2314CE2A3DE37CD = {isa = PBXNativeTarget; buildConfigurationList = 79E9979C39D77C9A5749608F; buildPhases = (
					7990956CE0A7FA824D5F72B4, ); buildRules = ( ); dependencies = (  ); name = "MoogVCFTrap - Shared Code"; productName = MoogVCFTrap; productReference = 56DCF499D4471C1BEA57FE83; productType = "com.apple.product-type.library.static"; };
		331F79497E252222ED949FEB = {isa = PBXProject; buildConfigurationList = 85F18FFF76A44A50300EEE8A; attributes = { LastUpgradeCheck = 0830; ORGANIZATIONNAME = "Chad McKell"; TargetAttributes = { 9A2C82EECDDEE8652A4B405E = { SystemCapabilities = {com.apple.ApplicationGroups.iOS = { enabled = 0; }; com.apple.InAppPurchase = { enabled = 0; }; com.apple.InterAppAudio = { enabled = 0; }; com.apple.Push = { enabled = 0; }; com.apple.Sandbox = { enabled = 0; }; }; };441BD5271AB4B7150352925A = { SystemCapabilities = {com.apple.ApplicationGroups.iOS = { enabled = 0; }; com.apple.InAppPurchase = { enabled = 0; }; com.apple.InterAppAudio = { enabled = 0; }; com.apple.Push = { enabled = 0; }; com.apple.Sandbox = { enabled = 0; }; }; };B967BD1200FBA98FEDE86CE3 = { SystemCapabilities = {com.apple.ApplicationGroups.iOS = { enabled = 0; }; com.apple.InAppPurchase = { enabled = 0; }; com.apple.InterAppAudio = { enabled = 0; }; com.apple.Push = { enabled = 0; }; com.apple.Sandbox = { enabled = 0; }; }; };88060713B32E658DAC22721F = { SystemCapabilities = {com.apple.ApplicationGroups.iOS = { enabled = 0; }; com.apple.InAppPurchase = { enabled = 0; }; com.apple.InterAppAudio = { enabled = 0; }; com.apple.Push = { enabled = 0; }; com.apple.Sandbox = { enabled = 1; }; }; };1F1F14115D0C7346019DFA82 = { SystemCapabilities = {com.apple.ApplicationGroups.iOS = { enabled = 0; }; com.apple.InAppPurchase = { enabled = 0; }; com.apple.InterAppAudio = { enabled = 0; }; com.apple.Push = { enabled = 0; }; com.apple.Sandbox = { enabled = 0; }; }; };ED37D4BDD2314CE2A3DE37CD = { SystemCapabilities = {com.apple.ApplicationGroups.iOS = { enabled = 0; }; com.apple.InAppPurchase = { enabled = 0; }; com.apple.InterAppAudio = { enabled = 0; }; com.apple.Push = { enabled = 0; }; com.apple.Sandbox = { enabled = 0; }; }; }; }; }; compatibilityVersion = "Xcode 3.2"; hasScannedForEncodings = 0; mainGroup = 1A24964C1E34A39167DC7367; projectDirPath = ""; projectRoot = ""; targets = (9A2C82EECDDEE8652A4B405E, 441BD5271AB4B7150352925A, B967BD1200FBA98FEDE86CE3, 88060713B32E658DAC22721F, 1F1F14115D0C7346019DFA82, ED37D4BDD2314CE2A3DE37CD); };
	};
	rootObject = 331F79497E252222ED949FEB;
}
